// !$*UTF8*$!
{
	archiveVersion = 1;
	classes = {
	};
	objectVersion = 56;
	objects = {

/* Begin PBXBuildFile section */
		FBD4B0DB29B71A6900E4A230 /* RealmSwiftUIApp.swift in Sources */ = {isa = PBXBuildFile; fileRef = FBD4B0DA29B71A6900E4A230 /* RealmSwiftUIApp.swift */; };
		FBD4B0DF29B71A6A00E4A230 /* Assets.xcassets in Resources */ = {isa = PBXBuildFile; fileRef = FBD4B0DE29B71A6A00E4A230 /* Assets.xcassets */; };
		FBD4B0E229B71A6A00E4A230 /* Preview Assets.xcassets in Resources */ = {isa = PBXBuildFile; fileRef = FBD4B0E129B71A6A00E4A230 /* Preview Assets.xcassets */; };
		FBD4B0EA29B71D3300E4A230 /* RealmSwift in Frameworks */ = {isa = PBXBuildFile; productRef = FBD4B0E929B71D3300E4A230 /* RealmSwift */; };
		FBD4B0F429B7787000E4A230 /* AppAssembler.swift in Sources */ = {isa = PBXBuildFile; fileRef = FBD4B0F329B7787000E4A230 /* AppAssembler.swift */; };
		FBD4B0F629B778AF00E4A230 /* MemberAssembler.swift in Sources */ = {isa = PBXBuildFile; fileRef = FBD4B0F529B778AF00E4A230 /* MemberAssembler.swift */; };
		FBD4B10A29B77B4600E4A230 /* Member.swift in Sources */ = {isa = PBXBuildFile; fileRef = FBD4B10929B77B4600E4A230 /* Member.swift */; };
		FBD4B10C29B77C3E00E4A230 /* MemberEntity.swift in Sources */ = {isa = PBXBuildFile; fileRef = FBD4B10B29B77C3E00E4A230 /* MemberEntity.swift */; };
		FBD4B10E29B77DDF00E4A230 /* MemberLocalDataSource.swift in Sources */ = {isa = PBXBuildFile; fileRef = FBD4B10D29B77DDF00E4A230 /* MemberLocalDataSource.swift */; };
		FBD4B11129B77EFE00E4A230 /* DataProvider.swift in Sources */ = {isa = PBXBuildFile; fileRef = FBD4B11029B77EFE00E4A230 /* DataProvider.swift */; };
		FBD4B11329B77F4B00E4A230 /* JSONLoader.swift in Sources */ = {isa = PBXBuildFile; fileRef = FBD4B11229B77F4B00E4A230 /* JSONLoader.swift */; };
		FBD4B11529B7803300E4A230 /* DefaultMemberRepository.swift in Sources */ = {isa = PBXBuildFile; fileRef = FBD4B11429B7803300E4A230 /* DefaultMemberRepository.swift */; };
		FBD4B11729B7805600E4A230 /* MemberRepository.swift in Sources */ = {isa = PBXBuildFile; fileRef = FBD4B11629B7805600E4A230 /* MemberRepository.swift */; };
		FBD4B11929B7815600E4A230 /* MemberUseCase.swift in Sources */ = {isa = PBXBuildFile; fileRef = FBD4B11829B7815600E4A230 /* MemberUseCase.swift */; };
		FBD4B11B29B782A500E4A230 /* MainAssembler.swift in Sources */ = {isa = PBXBuildFile; fileRef = FBD4B11A29B782A500E4A230 /* MainAssembler.swift */; };
		FBD4B11D29B7837400E4A230 /* CustomError.swift in Sources */ = {isa = PBXBuildFile; fileRef = FBD4B11C29B7837400E4A230 /* CustomError.swift */; };
		FBD4B12329B7851100E4A230 /* MemberViewModel.swift in Sources */ = {isa = PBXBuildFile; fileRef = FBD4B12229B7851100E4A230 /* MemberViewModel.swift */; };
		FBD4B12529B7857600E4A230 /* MemberScreen.swift in Sources */ = {isa = PBXBuildFile; fileRef = FBD4B12429B7857600E4A230 /* MemberScreen.swift */; };
		FBD4B12729B785F500E4A230 /* MemberRouter.swift in Sources */ = {isa = PBXBuildFile; fileRef = FBD4B12629B785F500E4A230 /* MemberRouter.swift */; };
		FBD4B12A29B7873B00E4A230 /* member.json in Resources */ = {isa = PBXBuildFile; fileRef = FBD4B12929B7873B00E4A230 /* member.json */; };
		FBD4B12D29B78B0C00E4A230 /* ViewState.swift in Sources */ = {isa = PBXBuildFile; fileRef = FBD4B12C29B78B0C00E4A230 /* ViewState.swift */; };
		FBF1EA9729B7C1A100F140D0 /* MemberRow.swift in Sources */ = {isa = PBXBuildFile; fileRef = FBF1EA9629B7C1A100F140D0 /* MemberRow.swift */; };
/* End PBXBuildFile section */

/* Begin PBXFileReference section */
		FBD4B0D729B71A6900E4A230 /* RealmSwiftUI.app */ = {isa = PBXFileReference; explicitFileType = wrapper.application; includeInIndex = 0; path = RealmSwiftUI.app; sourceTree = BUILT_PRODUCTS_DIR; };
		FBD4B0DA29B71A6900E4A230 /* RealmSwiftUIApp.swift */ = {isa = PBXFileReference; lastKnownFileType = sourcecode.swift; path = RealmSwiftUIApp.swift; sourceTree = "<group>"; };
		FBD4B0DE29B71A6A00E4A230 /* Assets.xcassets */ = {isa = PBXFileReference; lastKnownFileType = folder.assetcatalog; path = Assets.xcassets; sourceTree = "<group>"; };
		FBD4B0E129B71A6A00E4A230 /* Preview Assets.xcassets */ = {isa = PBXFileReference; lastKnownFileType = folder.assetcatalog; path = "Preview Assets.xcassets"; sourceTree = "<group>"; };
		FBD4B0F329B7787000E4A230 /* AppAssembler.swift */ = {isa = PBXFileReference; lastKnownFileType = sourcecode.swift; path = AppAssembler.swift; sourceTree = "<group>"; };
		FBD4B0F529B778AF00E4A230 /* MemberAssembler.swift */ = {isa = PBXFileReference; lastKnownFileType = sourcecode.swift; path = MemberAssembler.swift; sourceTree = "<group>"; };
		FBD4B10929B77B4600E4A230 /* Member.swift */ = {isa = PBXFileReference; lastKnownFileType = sourcecode.swift; path = Member.swift; sourceTree = "<group>"; };
		FBD4B10B29B77C3E00E4A230 /* MemberEntity.swift */ = {isa = PBXFileReference; lastKnownFileType = sourcecode.swift; path = MemberEntity.swift; sourceTree = "<group>"; };
		FBD4B10D29B77DDF00E4A230 /* MemberLocalDataSource.swift */ = {isa = PBXFileReference; lastKnownFileType = sourcecode.swift; path = MemberLocalDataSource.swift; sourceTree = "<group>"; };
		FBD4B11029B77EFE00E4A230 /* DataProvider.swift */ = {isa = PBXFileReference; lastKnownFileType = sourcecode.swift; path = DataProvider.swift; sourceTree = "<group>"; };
		FBD4B11229B77F4B00E4A230 /* JSONLoader.swift */ = {isa = PBXFileReference; lastKnownFileType = sourcecode.swift; path = JSONLoader.swift; sourceTree = "<group>"; };
		FBD4B11429B7803300E4A230 /* DefaultMemberRepository.swift */ = {isa = PBXFileReference; lastKnownFileType = sourcecode.swift; path = DefaultMemberRepository.swift; sourceTree = "<group>"; };
		FBD4B11629B7805600E4A230 /* MemberRepository.swift */ = {isa = PBXFileReference; lastKnownFileType = sourcecode.swift; path = MemberRepository.swift; sourceTree = "<group>"; };
		FBD4B11829B7815600E4A230 /* MemberUseCase.swift */ = {isa = PBXFileReference; lastKnownFileType = sourcecode.swift; path = MemberUseCase.swift; sourceTree = "<group>"; };
		FBD4B11A29B782A500E4A230 /* MainAssembler.swift */ = {isa = PBXFileReference; lastKnownFileType = sourcecode.swift; path = MainAssembler.swift; sourceTree = "<group>"; };
		FBD4B11C29B7837400E4A230 /* CustomError.swift */ = {isa = PBXFileReference; lastKnownFileType = sourcecode.swift; path = CustomError.swift; sourceTree = "<group>"; };
		FBD4B12229B7851100E4A230 /* MemberViewModel.swift */ = {isa = PBXFileReference; lastKnownFileType = sourcecode.swift; path = MemberViewModel.swift; sourceTree = "<group>"; };
		FBD4B12429B7857600E4A230 /* MemberScreen.swift */ = {isa = PBXFileReference; lastKnownFileType = sourcecode.swift; path = MemberScreen.swift; sourceTree = "<group>"; };
		FBD4B12629B785F500E4A230 /* MemberRouter.swift */ = {isa = PBXFileReference; lastKnownFileType = sourcecode.swift; path = MemberRouter.swift; sourceTree = "<group>"; };
		FBD4B12929B7873B00E4A230 /* member.json */ = {isa = PBXFileReference; lastKnownFileType = text.json; path = member.json; sourceTree = "<group>"; };
		FBD4B12C29B78B0C00E4A230 /* ViewState.swift */ = {isa = PBXFileReference; lastKnownFileType = sourcecode.swift; path = ViewState.swift; sourceTree = "<group>"; };
		FBF1EA9629B7C1A100F140D0 /* MemberRow.swift */ = {isa = PBXFileReference; lastKnownFileType = sourcecode.swift; path = MemberRow.swift; sourceTree = "<group>"; };
/* End PBXFileReference section */

/* Begin PBXFrameworksBuildPhase section */
		FBD4B0D429B71A6900E4A230 /* Frameworks */ = {
			isa = PBXFrameworksBuildPhase;
			buildActionMask = 2147483647;
			files = (
				FBD4B0EA29B71D3300E4A230 /* RealmSwift in Frameworks */,
			);
			runOnlyForDeploymentPostprocessing = 0;
		};
/* End PBXFrameworksBuildPhase section */

/* Begin PBXGroup section */
		FBD4B0CE29B71A6900E4A230 = {
			isa = PBXGroup;
			children = (
				FBD4B0D929B71A6900E4A230 /* RealmSwiftUI */,
				FBD4B0D829B71A6900E4A230 /* Products */,
			);
			sourceTree = "<group>";
		};
		FBD4B0D829B71A6900E4A230 /* Products */ = {
			isa = PBXGroup;
			children = (
				FBD4B0D729B71A6900E4A230 /* RealmSwiftUI.app */,
			);
			name = Products;
			sourceTree = "<group>";
		};
		FBD4B0D929B71A6900E4A230 /* RealmSwiftUI */ = {
			isa = PBXGroup;
			children = (
				FBD4B0F829B7795500E4A230 /* app */,
				FBD4B0FC29B77A4800E4A230 /* core */,
				FBD4B0F229B7785800E4A230 /* di */,
				FBD4B0E029B71A6A00E4A230 /* Preview Content */,
			);
			path = RealmSwiftUI;
			sourceTree = "<group>";
		};
		FBD4B0E029B71A6A00E4A230 /* Preview Content */ = {
			isa = PBXGroup;
			children = (
				FBD4B0E129B71A6A00E4A230 /* Preview Assets.xcassets */,
			);
			path = "Preview Content";
			sourceTree = "<group>";
		};
		FBD4B0F229B7785800E4A230 /* di */ = {
			isa = PBXGroup;
			children = (
				FBD4B0F329B7787000E4A230 /* AppAssembler.swift */,
				FBD4B0F729B778F000E4A230 /* Features */,
			);
			path = di;
			sourceTree = "<group>";
		};
		FBD4B0F729B778F000E4A230 /* Features */ = {
			isa = PBXGroup;
			children = (
				FBD4B11A29B782A500E4A230 /* MainAssembler.swift */,
				FBD4B0F529B778AF00E4A230 /* MemberAssembler.swift */,
			);
			path = Features;
			sourceTree = "<group>";
		};
		FBD4B0F829B7795500E4A230 /* app */ = {
			isa = PBXGroup;
			children = (
				FBD4B0FA29B779BB00E4A230 /* features */,
				FBD4B0FB29B779C000E4A230 /* main */,
				FBD4B0F929B7796C00E4A230 /* res */,
				FBD4B12B29B78AFF00E4A230 /* utils */,
			);
			path = app;
			sourceTree = "<group>";
		};
		FBD4B0F929B7796C00E4A230 /* res */ = {
			isa = PBXGroup;
			children = (
				FBD4B12829B7872E00E4A230 /* JSON */,
				FBD4B0DE29B71A6A00E4A230 /* Assets.xcassets */,
			);
			path = res;
			sourceTree = "<group>";
		};
		FBD4B0FA29B779BB00E4A230 /* features */ = {
			isa = PBXGroup;
			children = (
				FBD4B0FE29B77A6500E4A230 /* member */,
			);
			path = features;
			sourceTree = "<group>";
		};
		FBD4B0FB29B779C000E4A230 /* main */ = {
			isa = PBXGroup;
			children = (
				FBD4B0DA29B71A6900E4A230 /* RealmSwiftUIApp.swift */,
			);
			path = main;
			sourceTree = "<group>";
		};
		FBD4B0FC29B77A4800E4A230 /* core */ = {
			isa = PBXGroup;
			children = (
				FBD4B0FF29B77ADC00E4A230 /* data */,
				FBD4B10029B77AE000E4A230 /* domain */,
				FBD4B10F29B77EED00E4A230 /* utils */,
			);
			path = core;
			sourceTree = "<group>";
		};
		FBD4B0FE29B77A6500E4A230 /* member */ = {
			isa = PBXGroup;
			children = (
				FBD4B11E29B784A000E4A230 /* router */,
				FBD4B11F29B784A600E4A230 /* screen */,
				FBD4B12129B784B100E4A230 /* viewmodel */,
				FBD4B12029B784AC00E4A230 /* views */,
			);
			path = member;
			sourceTree = "<group>";
		};
		FBD4B0FF29B77ADC00E4A230 /* data */ = {
			isa = PBXGroup;
			children = (
				FBD4B10129B77AF400E4A230 /* entity */,
				FBD4B10229B77B0700E4A230 /* local */,
				FBD4B10329B77B0B00E4A230 /* repository */,
			);
			path = data;
			sourceTree = "<group>";
		};
		FBD4B10029B77AE000E4A230 /* domain */ = {
			isa = PBXGroup;
			children = (
				FBD4B10429B77B2100E4A230 /* model */,
				FBD4B10529B77B2500E4A230 /* repository */,
				FBD4B10629B77B2B00E4A230 /* usecase */,
			);
			path = domain;
			sourceTree = "<group>";
		};
		FBD4B10129B77AF400E4A230 /* entity */ = {
			isa = PBXGroup;
			children = (
				FBD4B10B29B77C3E00E4A230 /* MemberEntity.swift */,
			);
			path = entity;
			sourceTree = "<group>";
		};
		FBD4B10229B77B0700E4A230 /* local */ = {
			isa = PBXGroup;
			children = (
				FBD4B10D29B77DDF00E4A230 /* MemberLocalDataSource.swift */,
			);
			path = local;
			sourceTree = "<group>";
		};
		FBD4B10329B77B0B00E4A230 /* repository */ = {
			isa = PBXGroup;
			children = (
				FBD4B11429B7803300E4A230 /* DefaultMemberRepository.swift */,
			);
			path = repository;
			sourceTree = "<group>";
		};
		FBD4B10429B77B2100E4A230 /* model */ = {
			isa = PBXGroup;
			children = (
				FBD4B10929B77B4600E4A230 /* Member.swift */,
			);
			path = model;
			sourceTree = "<group>";
		};
		FBD4B10529B77B2500E4A230 /* repository */ = {
			isa = PBXGroup;
			children = (
				FBD4B11629B7805600E4A230 /* MemberRepository.swift */,
			);
			path = repository;
			sourceTree = "<group>";
		};
		FBD4B10629B77B2B00E4A230 /* usecase */ = {
			isa = PBXGroup;
			children = (
				FBD4B11829B7815600E4A230 /* MemberUseCase.swift */,
			);
			path = usecase;
			sourceTree = "<group>";
		};
		FBD4B10F29B77EED00E4A230 /* utils */ = {
			isa = PBXGroup;
			children = (
				FBD4B11C29B7837400E4A230 /* CustomError.swift */,
				FBD4B11029B77EFE00E4A230 /* DataProvider.swift */,
				FBD4B11229B77F4B00E4A230 /* JSONLoader.swift */,
			);
			path = utils;
			sourceTree = "<group>";
		};
		FBD4B11E29B784A000E4A230 /* router */ = {
			isa = PBXGroup;
			children = (
				FBD4B12629B785F500E4A230 /* MemberRouter.swift */,
			);
			path = router;
			sourceTree = "<group>";
		};
		FBD4B11F29B784A600E4A230 /* screen */ = {
			isa = PBXGroup;
			children = (
				FBD4B12429B7857600E4A230 /* MemberScreen.swift */,
			);
			path = screen;
			sourceTree = "<group>";
		};
		FBD4B12029B784AC00E4A230 /* views */ = {
			isa = PBXGroup;
			children = (
				FBF1EA9629B7C1A100F140D0 /* MemberRow.swift */,
			);
			path = views;
			sourceTree = "<group>";
		};
		FBD4B12129B784B100E4A230 /* viewmodel */ = {
			isa = PBXGroup;
			children = (
				FBD4B12229B7851100E4A230 /* MemberViewModel.swift */,
			);
			path = viewmodel;
			sourceTree = "<group>";
		};
		FBD4B12829B7872E00E4A230 /* JSON */ = {
			isa = PBXGroup;
			children = (
				FBD4B12929B7873B00E4A230 /* member.json */,
			);
			path = JSON;
			sourceTree = "<group>";
		};
		FBD4B12B29B78AFF00E4A230 /* utils */ = {
			isa = PBXGroup;
			children = (
				FBD4B12C29B78B0C00E4A230 /* ViewState.swift */,
			);
			path = utils;
			sourceTree = "<group>";
		};
/* End PBXGroup section */

/* Begin PBXNativeTarget section */
		FBD4B0D629B71A6900E4A230 /* RealmSwiftUI */ = {
			isa = PBXNativeTarget;
			buildConfigurationList = FBD4B0E529B71A6A00E4A230 /* Build configuration list for PBXNativeTarget "RealmSwiftUI" */;
			buildPhases = (
				FBD4B0D329B71A6900E4A230 /* Sources */,
				FBD4B0D429B71A6900E4A230 /* Frameworks */,
				FBD4B0D529B71A6900E4A230 /* Resources */,
			);
			buildRules = (
			);
			dependencies = (
			);
			name = RealmSwiftUI;
			packageProductDependencies = (
				FBD4B0E929B71D3300E4A230 /* RealmSwift */,
			);
			productName = RealmSwiftUI;
			productReference = FBD4B0D729B71A6900E4A230 /* RealmSwiftUI.app */;
			productType = "com.apple.product-type.application";
		};
/* End PBXNativeTarget section */

/* Begin PBXProject section */
		FBD4B0CF29B71A6900E4A230 /* Project object */ = {
			isa = PBXProject;
			attributes = {
				BuildIndependentTargetsInParallel = 1;
				LastSwiftUpdateCheck = 1420;
				LastUpgradeCheck = 1420;
				TargetAttributes = {
					FBD4B0D629B71A6900E4A230 = {
						CreatedOnToolsVersion = 14.2;
					};
				};
			};
			buildConfigurationList = FBD4B0D229B71A6900E4A230 /* Build configuration list for PBXProject "RealmSwiftUI" */;
			compatibilityVersion = "Xcode 14.0";
			developmentRegion = en;
			hasScannedForEncodings = 0;
			knownRegions = (
				en,
				Base,
			);
			mainGroup = FBD4B0CE29B71A6900E4A230;
			packageReferences = (
				FBD4B0E829B71D3300E4A230 /* XCRemoteSwiftPackageReference "realm-swift" */,
			);
			productRefGroup = FBD4B0D829B71A6900E4A230 /* Products */;
			projectDirPath = "";
			projectRoot = "";
			targets = (
				FBD4B0D629B71A6900E4A230 /* RealmSwiftUI */,
			);
		};
/* End PBXProject section */

/* Begin PBXResourcesBuildPhase section */
		FBD4B0D529B71A6900E4A230 /* Resources */ = {
			isa = PBXResourcesBuildPhase;
			buildActionMask = 2147483647;
			files = (
				FBD4B0E229B71A6A00E4A230 /* Preview Assets.xcassets in Resources */,
				FBD4B0DF29B71A6A00E4A230 /* Assets.xcassets in Resources */,
				FBD4B12A29B7873B00E4A230 /* member.json in Resources */,
			);
			runOnlyForDeploymentPostprocessing = 0;
		};
/* End PBXResourcesBuildPhase section */

/* Begin PBXSourcesBuildPhase section */
		FBD4B0D329B71A6900E4A230 /* Sources */ = {
			isa = PBXSourcesBuildPhase;
			buildActionMask = 2147483647;
			files = (
				FBD4B10E29B77DDF00E4A230 /* MemberLocalDataSource.swift in Sources */,
				FBD4B11929B7815600E4A230 /* MemberUseCase.swift in Sources */,
				FBD4B12529B7857600E4A230 /* MemberScreen.swift in Sources */,
				FBD4B12329B7851100E4A230 /* MemberViewModel.swift in Sources */,
				FBD4B11D29B7837400E4A230 /* CustomError.swift in Sources */,
				FBD4B0F629B778AF00E4A230 /* MemberAssembler.swift in Sources */,
				FBF1EA9729B7C1A100F140D0 /* MemberRow.swift in Sources */,
				FBD4B12729B785F500E4A230 /* MemberRouter.swift in Sources */,
				FBD4B11529B7803300E4A230 /* DefaultMemberRepository.swift in Sources */,
				FBD4B11729B7805600E4A230 /* MemberRepository.swift in Sources */,
				FBD4B11B29B782A500E4A230 /* MainAssembler.swift in Sources */,
				FBD4B10C29B77C3E00E4A230 /* MemberEntity.swift in Sources */,
				FBD4B11129B77EFE00E4A230 /* DataProvider.swift in Sources */,
				FBD4B11329B77F4B00E4A230 /* JSONLoader.swift in Sources */,
				FBD4B0F429B7787000E4A230 /* AppAssembler.swift in Sources */,
				FBD4B0DB29B71A6900E4A230 /* RealmSwiftUIApp.swift in Sources */,
				FBD4B12D29B78B0C00E4A230 /* ViewState.swift in Sources */,
				FBD4B10A29B77B4600E4A230 /* Member.swift in Sources */,
			);
			runOnlyForDeploymentPostprocessing = 0;
		};
/* End PBXSourcesBuildPhase section */

/* Begin XCBuildConfiguration section */
		FBD4B0E329B71A6A00E4A230 /* Debug */ = {
			isa = XCBuildConfiguration;
			buildSettings = {
				ALWAYS_SEARCH_USER_PATHS = NO;
				CLANG_ANALYZER_NONNULL = YES;
				CLANG_ANALYZER_NUMBER_OBJECT_CONVERSION = YES_AGGRESSIVE;
				CLANG_CXX_LANGUAGE_STANDARD = "gnu++20";
				CLANG_ENABLE_MODULES = YES;
				CLANG_ENABLE_OBJC_ARC = YES;
				CLANG_ENABLE_OBJC_WEAK = YES;
				CLANG_WARN_BLOCK_CAPTURE_AUTORELEASING = YES;
				CLANG_WARN_BOOL_CONVERSION = YES;
				CLANG_WARN_COMMA = YES;
				CLANG_WARN_CONSTANT_CONVERSION = YES;
				CLANG_WARN_DEPRECATED_OBJC_IMPLEMENTATIONS = YES;
				CLANG_WARN_DIRECT_OBJC_ISA_USAGE = YES_ERROR;
				CLANG_WARN_DOCUMENTATION_COMMENTS = YES;
				CLANG_WARN_EMPTY_BODY = YES;
				CLANG_WARN_ENUM_CONVERSION = YES;
				CLANG_WARN_INFINITE_RECURSION = YES;
				CLANG_WARN_INT_CONVERSION = YES;
				CLANG_WARN_NON_LITERAL_NULL_CONVERSION = YES;
				CLANG_WARN_OBJC_IMPLICIT_RETAIN_SELF = YES;
				CLANG_WARN_OBJC_LITERAL_CONVERSION = YES;
				CLANG_WARN_OBJC_ROOT_CLASS = YES_ERROR;
				CLANG_WARN_QUOTED_INCLUDE_IN_FRAMEWORK_HEADER = YES;
				CLANG_WARN_RANGE_LOOP_ANALYSIS = YES;
				CLANG_WARN_STRICT_PROTOTYPES = YES;
				CLANG_WARN_SUSPICIOUS_MOVE = YES;
				CLANG_WARN_UNGUARDED_AVAILABILITY = YES_AGGRESSIVE;
				CLANG_WARN_UNREACHABLE_CODE = YES;
				CLANG_WARN__DUPLICATE_METHOD_MATCH = YES;
				COPY_PHASE_STRIP = NO;
				DEBUG_INFORMATION_FORMAT = dwarf;
				ENABLE_STRICT_OBJC_MSGSEND = YES;
				ENABLE_TESTABILITY = YES;
				GCC_C_LANGUAGE_STANDARD = gnu11;
				GCC_DYNAMIC_NO_PIC = NO;
				GCC_NO_COMMON_BLOCKS = YES;
				GCC_OPTIMIZATION_LEVEL = 0;
				GCC_PREPROCESSOR_DEFINITIONS = (
					"DEBUG=1",
					"$(inherited)",
				);
				GCC_WARN_64_TO_32_BIT_CONVERSION = YES;
				GCC_WARN_ABOUT_RETURN_TYPE = YES_ERROR;
				GCC_WARN_UNDECLARED_SELECTOR = YES;
				GCC_WARN_UNINITIALIZED_AUTOS = YES_AGGRESSIVE;
				GCC_WARN_UNUSED_FUNCTION = YES;
				GCC_WARN_UNUSED_VARIABLE = YES;
				IPHONEOS_DEPLOYMENT_TARGET = 16.2;
				MTL_ENABLE_DEBUG_INFO = INCLUDE_SOURCE;
				MTL_FAST_MATH = YES;
				ONLY_ACTIVE_ARCH = YES;
				SDKROOT = iphoneos;
				SWIFT_ACTIVE_COMPILATION_CONDITIONS = DEBUG;
				SWIFT_OPTIMIZATION_LEVEL = "-Onone";
			};
			name = Debug;
		};
		FBD4B0E429B71A6A00E4A230 /* Release */ = {
			isa = XCBuildConfiguration;
			buildSettings = {
				ALWAYS_SEARCH_USER_PATHS = NO;
				CLANG_ANALYZER_NONNULL = YES;
				CLANG_ANALYZER_NUMBER_OBJECT_CONVERSION = YES_AGGRESSIVE;
				CLANG_CXX_LANGUAGE_STANDARD = "gnu++20";
				CLANG_ENABLE_MODULES = YES;
				CLANG_ENABLE_OBJC_ARC = YES;
				CLANG_ENABLE_OBJC_WEAK = YES;
				CLANG_WARN_BLOCK_CAPTURE_AUTORELEASING = YES;
				CLANG_WARN_BOOL_CONVERSION = YES;
				CLANG_WARN_COMMA = YES;
				CLANG_WARN_CONSTANT_CONVERSION = YES;
				CLANG_WARN_DEPRECATED_OBJC_IMPLEMENTATIONS = YES;
				CLANG_WARN_DIRECT_OBJC_ISA_USAGE = YES_ERROR;
				CLANG_WARN_DOCUMENTATION_COMMENTS = YES;
				CLANG_WARN_EMPTY_BODY = YES;
				CLANG_WARN_ENUM_CONVERSION = YES;
				CLANG_WARN_INFINITE_RECURSION = YES;
				CLANG_WARN_INT_CONVERSION = YES;
				CLANG_WARN_NON_LITERAL_NULL_CONVERSION = YES;
				CLANG_WARN_OBJC_IMPLICIT_RETAIN_SELF = YES;
				CLANG_WARN_OBJC_LITERAL_CONVERSION = YES;
				CLANG_WARN_OBJC_ROOT_CLASS = YES_ERROR;
				CLANG_WARN_QUOTED_INCLUDE_IN_FRAMEWORK_HEADER = YES;
				CLANG_WARN_RANGE_LOOP_ANALYSIS = YES;
				CLANG_WARN_STRICT_PROTOTYPES = YES;
				CLANG_WARN_SUSPICIOUS_MOVE = YES;
				CLANG_WARN_UNGUARDED_AVAILABILITY = YES_AGGRESSIVE;
				CLANG_WARN_UNREACHABLE_CODE = YES;
				CLANG_WARN__DUPLICATE_METHOD_MATCH = YES;
				COPY_PHASE_STRIP = NO;
				DEBUG_INFORMATION_FORMAT = "dwarf-with-dsym";
				ENABLE_NS_ASSERTIONS = NO;
				ENABLE_STRICT_OBJC_MSGSEND = YES;
				GCC_C_LANGUAGE_STANDARD = gnu11;
				GCC_NO_COMMON_BLOCKS = YES;
				GCC_WARN_64_TO_32_BIT_CONVERSION = YES;
				GCC_WARN_ABOUT_RETURN_TYPE = YES_ERROR;
				GCC_WARN_UNDECLARED_SELECTOR = YES;
				GCC_WARN_UNINITIALIZED_AUTOS = YES_AGGRESSIVE;
				GCC_WARN_UNUSED_FUNCTION = YES;
				GCC_WARN_UNUSED_VARIABLE = YES;
				IPHONEOS_DEPLOYMENT_TARGET = 16.2;
				MTL_ENABLE_DEBUG_INFO = NO;
				MTL_FAST_MATH = YES;
				SDKROOT = iphoneos;
				SWIFT_COMPILATION_MODE = wholemodule;
				SWIFT_OPTIMIZATION_LEVEL = "-O";
				VALIDATE_PRODUCT = YES;
			};
			name = Release;
		};
		FBD4B0E629B71A6A00E4A230 /* Debug */ = {
			isa = XCBuildConfiguration;
			buildSettings = {
				ASSETCATALOG_COMPILER_APPICON_NAME = AppIcon;
				ASSETCATALOG_COMPILER_GLOBAL_ACCENT_COLOR_NAME = AccentColor;
				CODE_SIGN_STYLE = Automatic;
				CURRENT_PROJECT_VERSION = 1;
				DEVELOPMENT_ASSET_PATHS = "\"RealmSwiftUI/Preview Content\"";
				ENABLE_PREVIEWS = YES;
				GENERATE_INFOPLIST_FILE = YES;
				INFOPLIST_KEY_UIApplicationSceneManifest_Generation = YES;
				INFOPLIST_KEY_UIApplicationSupportsIndirectInputEvents = YES;
				INFOPLIST_KEY_UILaunchScreen_Generation = YES;
				INFOPLIST_KEY_UISupportedInterfaceOrientations_iPad = "UIInterfaceOrientationPortrait UIInterfaceOrientationPortraitUpsideDown UIInterfaceOrientationLandscapeLeft UIInterfaceOrientationLandscapeRight";
				INFOPLIST_KEY_UISupportedInterfaceOrientations_iPhone = "UIInterfaceOrientationPortrait UIInterfaceOrientationLandscapeLeft UIInterfaceOrientationLandscapeRight";
				LD_RUNPATH_SEARCH_PATHS = (
					"$(inherited)",
					"@executable_path/Frameworks",
				);
				MARKETING_VERSION = 1.0;
				PRODUCT_BUNDLE_IDENTIFIER = com.hafizhmo.RealmSwiftUI;
				PRODUCT_NAME = "$(TARGET_NAME)";
				SWIFT_EMIT_LOC_STRINGS = YES;
				SWIFT_VERSION = 5.0;
				TARGETED_DEVICE_FAMILY = "1,2";
			};
			name = Debug;
		};
		FBD4B0E729B71A6A00E4A230 /* Release */ = {
			isa = XCBuildConfiguration;
			buildSettings = {
				ASSETCATALOG_COMPILER_APPICON_NAME = AppIcon;
				ASSETCATALOG_COMPILER_GLOBAL_ACCENT_COLOR_NAME = AccentColor;
				CODE_SIGN_STYLE = Automatic;
				CURRENT_PROJECT_VERSION = 1;
				DEVELOPMENT_ASSET_PATHS = "\"RealmSwiftUI/Preview Content\"";
				ENABLE_PREVIEWS = YES;
				GENERATE_INFOPLIST_FILE = YES;
				INFOPLIST_KEY_UIApplicationSceneManifest_Generation = YES;
				INFOPLIST_KEY_UIApplicationSupportsIndirectInputEvents = YES;
				INFOPLIST_KEY_UILaunchScreen_Generation = YES;
				INFOPLIST_KEY_UISupportedInterfaceOrientations_iPad = "UIInterfaceOrientationPortrait UIInterfaceOrientationPortraitUpsideDown UIInterfaceOrientationLandscapeLeft UIInterfaceOrientationLandscapeRight";
				INFOPLIST_KEY_UISupportedInterfaceOrientations_iPhone = "UIInterfaceOrientationPortrait UIInterfaceOrientationLandscapeLeft UIInterfaceOrientationLandscapeRight";
				LD_RUNPATH_SEARCH_PATHS = (
					"$(inherited)",
					"@executable_path/Frameworks",
				);
				MARKETING_VERSION = 1.0;
				PRODUCT_BUNDLE_IDENTIFIER = com.hafizhmo.RealmSwiftUI;
				PRODUCT_NAME = "$(TARGET_NAME)";
				SWIFT_EMIT_LOC_STRINGS = YES;
				SWIFT_VERSION = 5.0;
				TARGETED_DEVICE_FAMILY = "1,2";
			};
			name = Release;
		};
/* End XCBuildConfiguration section */

/* Begin XCConfigurationList section */
		FBD4B0D229B71A6900E4A230 /* Build configuration list for PBXProject "RealmSwiftUI" */ = {
			isa = XCConfigurationList;
			buildConfigurations = (
				FBD4B0E329B71A6A00E4A230 /* Debug */,
				FBD4B0E429B71A6A00E4A230 /* Release */,
			);
			defaultConfigurationIsVisible = 0;
			defaultConfigurationName = Release;
		};
		FBD4B0E529B71A6A00E4A230 /* Build configuration list for PBXNativeTarget "RealmSwiftUI" */ = {
			isa = XCConfigurationList;
			buildConfigurations = (
				FBD4B0E629B71A6A00E4A230 /* Debug */,
				FBD4B0E729B71A6A00E4A230 /* Release */,
			);
			defaultConfigurationIsVisible = 0;
			defaultConfigurationName = Release;
		};
/* End XCConfigurationList section */

/* Begin XCRemoteSwiftPackageReference section */
		FBD4B0E829B71D3300E4A230 /* XCRemoteSwiftPackageReference "realm-swift" */ = {
			isa = XCRemoteSwiftPackageReference;
			repositoryURL = "https://github.com/realm/realm-swift.git";
			requirement = {
				branch = master;
				kind = branch;
			};
		};
/* End XCRemoteSwiftPackageReference section */

/* Begin XCSwiftPackageProductDependency section */
		FBD4B0E929B71D3300E4A230 /* RealmSwift */ = {
			isa = XCSwiftPackageProductDependency;
			package = FBD4B0E829B71D3300E4A230 /* XCRemoteSwiftPackageReference "realm-swift" */;
			productName = RealmSwift;
		};
/* End XCSwiftPackageProductDependency section */
	};
	rootObject = FBD4B0CF29B71A6900E4A230 /* Project object */;
}
